
Microsoft Visual Studio Solution File, Format Version 12.00
# Visual Studio Version 17
VisualStudioVersion = 17.4.32804.182
MinimumVisualStudioVersion = 10.0.40219.1
Project("{FAE04EC0-301F-11D3-BF4B-00C04F79EFBC}") = "CitizenAssistance.Server", "CitizenAssistance\Server\CitizenAssistance.Server.csproj", "{513A9C8E-CEC0-4870-B209-93081E29017B}"
EndProject
Project("{FAE04EC0-301F-11D3-BF4B-00C04F79EFBC}") = "CitizenAssistance.Client", "CitizenAssistance\Client\CitizenAssistance.Client.csproj", "{DBF7A8C1-9F7A-48C1-84BC-3A3379A4BE11}"
EndProject
Project("{FAE04EC0-301F-11D3-BF4B-00C04F79EFBC}") = "CitizenAssistance.Shared", "CitizenAssistance\Shared\CitizenAssistance.Shared.csproj", "{D04573B4-2BAB-4E6C-8084-06920F71FEF1}"
EndProject
Global
	GlobalSection(SolutionConfigurationPlatforms) = preSolution
		Debug|Any CPU = Debug|Any CPU
		Release|Any CPU = Release|Any CPU
	EndGlobalSection
	GlobalSection(ProjectConfigurationPlatforms) = postSolution
		{513A9C8E-CEC0-4870-B209-93081E29017B}.Debug|Any CPU.ActiveCfg = Debug|Any CPU
		{513A9C8E-CEC0-4870-B209-93081E29017B}.Debug|Any CPU.Build.0 = Debug|Any CPU
		{513A9C8E-CEC0-4870-B209-93081E29017B}.Release|Any CPU.ActiveCfg = Release|Any CPU
		{513A9C8E-CEC0-4870-B209-93081E29017B}.Release|Any CPU.Build.0 = Release|Any CPU
		{DBF7A8C1-9F7A-48C1-84BC-3A3379A4BE11}.Debug|Any CPU.ActiveCfg = Debug|Any CPU
		{DBF7A8C1-9F7A-48C1-84BC-3A3379A4BE11}.Debug|Any CPU.Build.0 = Debug|Any CPU
		{DBF7A8C1-9F7A-48C1-84BC-3A3379A4BE11}.Release|Any CPU.ActiveCfg = Release|Any CPU
		{DBF7A8C1-9F7A-48C1-84BC-3A3379A4BE11}.Release|Any CPU.Build.0 = Release|Any CPU
		{D04573B4-2BAB-4E6C-8084-06920F71FEF1}.Debug|Any CPU.ActiveCfg = Debug|Any CPU
		{D04573B4-2BAB-4E6C-8084-06920F71FEF1}.Debug|Any CPU.Build.0 = Debug|Any CPU
		{D04573B4-2BAB-4E6C-8084-06920F71FEF1}.Release|Any CPU.ActiveCfg = Release|Any CPU
		{D04573B4-2BAB-4E6C-8084-06920F71FEF1}.Release|Any CPU.Build.0 = Release|Any CPU
	EndGlobalSection
	GlobalSection(SolutionProperties) = preSolution
		HideSolutionNode = FALSE
	EndGlobalSection
	GlobalSection(ExtensibilityGlobals) = postSolution
		SolutionGuid = {8A4A7418-5F68-4964-9FB8-C31A44722C54}
	EndGlobalSection
EndGlobal
